# THIS IS AN AUTOGENERATED FILE. DO NOT EDIT THIS FILE DIRECTLY.
# yarn lockfile v1


"@types/node@^12.18.1":
  version "12.20.54"
  resolved "https://registry.npmmirror.com/@types/node/-/node-12.20.54.tgz#38a3dff8c2a939553f2cdb85dcddc68be46c3c68"
  integrity sha512-CFMnEPkSXWALI73t1oIWyb8QOmVrp6RruAqIx349sd+1ImaFwzlKcz55mwrx/yLyOyz1gkq/UKuNOigt27PXqg==
